
Microsoft Visual Studio Solution File, Format Version 12.00
# Visual Studio Version 16
VisualStudioVersion = 16.0.29806.167
MinimumVisualStudioVersion = 10.0.40219.1
Project("{9A19103F-16F7-4668-BE54-9A1E7A4F7556}") = "SchoolLibrary", "SchoolLibrary\SchoolLibrary.csproj", "{FF42FF77-B42E-4E6E-B761-3DCEE41AF5C0}"
EndProject
Project("{FAE04EC0-301F-11D3-BF4B-00C04F79EFBC}") = "SchoolFormsApp", "SchoolFormsApp\SchoolFormsApp.csproj", "{CEDE5485-7C66-41C2-A4D7-4A00894CE6E5}"
EndProject
Global
	GlobalSection(SolutionConfigurationPlatforms) = preSolution
		Debug|Any CPU = Debug|Any CPU
		Release|Any CPU = Release|Any CPU
	EndGlobalSection
	GlobalSection(ProjectConfigurationPlatforms) = postSolution
		{FF42FF77-B42E-4E6E-B761-3DCEE41AF5C0}.Debug|Any CPU.ActiveCfg = Debug|Any CPU
		{FF42FF77-B42E-4E6E-B761-3DCEE41AF5C0}.Debug|Any CPU.Build.0 = Debug|Any CPU
		{FF42FF77-B42E-4E6E-B761-3DCEE41AF5C0}.Release|Any CPU.ActiveCfg = Release|Any CPU
		{FF42FF77-B42E-4E6E-B761-3DCEE41AF5C0}.Release|Any CPU.Build.0 = Release|Any CPU
		{CEDE5485-7C66-41C2-A4D7-4A00894CE6E5}.Debug|Any CPU.ActiveCfg = Debug|Any CPU
		{CEDE5485-7C66-41C2-A4D7-4A00894CE6E5}.Debug|Any CPU.Build.0 = Debug|Any CPU
		{CEDE5485-7C66-41C2-A4D7-4A00894CE6E5}.Release|Any CPU.ActiveCfg = Release|Any CPU
		{CEDE5485-7C66-41C2-A4D7-4A00894CE6E5}.Release|Any CPU.Build.0 = Release|Any CPU
	EndGlobalSection
	GlobalSection(SolutionProperties) = preSolution
		HideSolutionNode = FALSE
	EndGlobalSection
	GlobalSection(ExtensibilityGlobals) = postSolution
		SolutionGuid = {981B188A-2B8B-477A-8E77-0C5AA28954B9}
	EndGlobalSection
EndGlobal
